
Microsoft Visual Studio Solution File, Format Version 12.00
# Visual Studio Version 17
VisualStudioVersion = 17.6.33723.286
MinimumVisualStudioVersion = 10.0.40219.1
Project("{FAE04EC0-301F-11D3-BF4B-00C04F79EFBC}") = "Employee1", "Employee1\Employee1.csproj", "{0919379B-1FE5-4044-B719-5A7B15181654}"
EndProject
Global
	GlobalSection(SolutionConfigurationPlatforms) = preSolution
		Debug|Any CPU = Debug|Any CPU
		Release|Any CPU = Release|Any CPU
	EndGlobalSection
	GlobalSection(ProjectConfigurationPlatforms) = postSolution
		{0919379B-1FE5-4044-B719-5A7B15181654}.Debug|Any CPU.ActiveCfg = Debug|Any CPU
		{0919379B-1FE5-4044-B719-5A7B15181654}.Debug|Any CPU.Build.0 = Debug|Any CPU
		{0919379B-1FE5-4044-B719-5A7B15181654}.Release|Any CPU.ActiveCfg = Release|Any CPU
		{0919379B-1FE5-4044-B719-5A7B15181654}.Release|Any CPU.Build.0 = Release|Any CPU
	EndGlobalSection
	GlobalSection(SolutionProperties) = preSolution
		HideSolutionNode = FALSE
	EndGlobalSection
	GlobalSection(ExtensibilityGlobals) = postSolution
		SolutionGuid = {14A5F1F8-3909-4EDF-9868-B205F045D8C4}
	EndGlobalSection
EndGlobal
